// !$*UTF8*$!
{
	archiveVersion = 1;
	classes = {
	};
	objectVersion = 56;
	objects = {

/* Begin PBXBuildFile section */
		66AC98AD2AD3961F00C63A64 /* AppDelegate.swift in Sources */ = {isa = PBXBuildFile; fileRef = 66AC98AC2AD3961F00C63A64 /* AppDelegate.swift */; };
		66AC98AF2AD3961F00C63A64 /* SceneDelegate.swift in Sources */ = {isa = PBXBuildFile; fileRef = 66AC98AE2AD3961F00C63A64 /* SceneDelegate.swift */; };
		66AC98B12AD3961F00C63A64 /* ViewController.swift in Sources */ = {isa = PBXBuildFile; fileRef = 66AC98B02AD3961F00C63A64 /* ViewController.swift */; };
		66AC98B42AD3961F00C63A64 /* Main.storyboard in Resources */ = {isa = PBXBuildFile; fileRef = 66AC98B22AD3961F00C63A64 /* Main.storyboard */; };
		66AC98B72AD3961F00C63A64 /* MedinaJake_HW5.xcdatamodeld in Sources */ = {isa = PBXBuildFile; fileRef = 66AC98B52AD3961F00C63A64 /* MedinaJake_HW5.xcdatamodeld */; };
		66AC98B92AD3962000C63A64 /* Assets.xcassets in Resources */ = {isa = PBXBuildFile; fileRef = 66AC98B82AD3962000C63A64 /* Assets.xcassets */; };
		66AC98BC2AD3962000C63A64 /* LaunchScreen.storyboard in Resources */ = {isa = PBXBuildFile; fileRef = 66AC98BA2AD3962000C63A64 /* LaunchScreen.storyboard */; };
		66AC98C42AD3988D00C63A64 /* PizzaCreationViewController.swift in Sources */ = {isa = PBXBuildFile; fileRef = 66AC98C32AD3988D00C63A64 /* PizzaCreationViewController.swift */; };
		66F686D82AD4F42800FB7E12 /* Pizza.swift in Sources */ = {isa = PBXBuildFile; fileRef = 66F686D72AD4F42800FB7E12 /* Pizza.swift */; };
		69D4E9FB2AE18B870098E33D /* LoginViewController.swift in Sources */ = {isa = PBXBuildFile; fileRef = 69D4E9FA2AE18B870098E33D /* LoginViewController.swift */; };
		69D4E9FD2AE18BB90098E33D /* GoogleService-Info.plist in Resources */ = {isa = PBXBuildFile; fileRef = 69D4E9FC2AE18BB90098E33D /* GoogleService-Info.plist */; };
		69D4EA0C2AE18C280098E33D /* FirebaseAuth in Frameworks */ = {isa = PBXBuildFile; productRef = 69D4EA0B2AE18C280098E33D /* FirebaseAuth */; };
/* End PBXBuildFile section */

/* Begin PBXFileReference section */
		66AC98A92AD3961F00C63A64 /* MedinaJake-HW5.app */ = {isa = PBXFileReference; explicitFileType = wrapper.application; includeInIndex = 0; path = "MedinaJake-HW5.app"; sourceTree = BUILT_PRODUCTS_DIR; };
		66AC98AC2AD3961F00C63A64 /* AppDelegate.swift */ = {isa = PBXFileReference; lastKnownFileType = sourcecode.swift; path = AppDelegate.swift; sourceTree = "<group>"; };
		66AC98AE2AD3961F00C63A64 /* SceneDelegate.swift */ = {isa = PBXFileReference; lastKnownFileType = sourcecode.swift; path = SceneDelegate.swift; sourceTree = "<group>"; };
		66AC98B02AD3961F00C63A64 /* ViewController.swift */ = {isa = PBXFileReference; lastKnownFileType = sourcecode.swift; path = ViewController.swift; sourceTree = "<group>"; };
		66AC98B32AD3961F00C63A64 /* Base */ = {isa = PBXFileReference; lastKnownFileType = file.storyboard; name = Base; path = Base.lproj/Main.storyboard; sourceTree = "<group>"; };
		66AC98B62AD3961F00C63A64 /* MedinaJake_HW5.xcdatamodel */ = {isa = PBXFileReference; lastKnownFileType = wrapper.xcdatamodel; path = MedinaJake_HW5.xcdatamodel; sourceTree = "<group>"; };
		66AC98B82AD3962000C63A64 /* Assets.xcassets */ = {isa = PBXFileReference; lastKnownFileType = folder.assetcatalog; path = Assets.xcassets; sourceTree = "<group>"; };
		66AC98BB2AD3962000C63A64 /* Base */ = {isa = PBXFileReference; lastKnownFileType = file.storyboard; name = Base; path = Base.lproj/LaunchScreen.storyboard; sourceTree = "<group>"; };
		66AC98BD2AD3962000C63A64 /* Info.plist */ = {isa = PBXFileReference; lastKnownFileType = text.plist.xml; path = Info.plist; sourceTree = "<group>"; };
		66AC98C32AD3988D00C63A64 /* PizzaCreationViewController.swift */ = {isa = PBXFileReference; lastKnownFileType = sourcecode.swift; path = PizzaCreationViewController.swift; sourceTree = "<group>"; };
		66F686D72AD4F42800FB7E12 /* Pizza.swift */ = {isa = PBXFileReference; lastKnownFileType = sourcecode.swift; path = Pizza.swift; sourceTree = "<group>"; };
		69D4E9FA2AE18B870098E33D /* LoginViewController.swift */ = {isa = PBXFileReference; lastKnownFileType = sourcecode.swift; path = LoginViewController.swift; sourceTree = "<group>"; };
		69D4E9FC2AE18BB90098E33D /* GoogleService-Info.plist */ = {isa = PBXFileReference; fileEncoding = 4; lastKnownFileType = text.plist.xml; name = "GoogleService-Info.plist"; path = "../../Downloads/GoogleService-Info.plist"; sourceTree = "<group>"; };
/* End PBXFileReference section */

/* Begin PBXFrameworksBuildPhase section */
		66AC98A62AD3961E00C63A64 /* Frameworks */ = {
			isa = PBXFrameworksBuildPhase;
			buildActionMask = 2147483647;
			files = (
				69D4EA0C2AE18C280098E33D /* FirebaseAuth in Frameworks */,
			);
			runOnlyForDeploymentPostprocessing = 0;
		};
/* End PBXFrameworksBuildPhase section */

/* Begin PBXGroup section */
		66AC98A02AD3961E00C63A64 = {
			isa = PBXGroup;
			children = (
				66AC98AB2AD3961F00C63A64 /* MedinaJake-HW5 */,
				66AC98AA2AD3961F00C63A64 /* Products */,
			);
			sourceTree = "<group>";
		};
		66AC98AA2AD3961F00C63A64 /* Products */ = {
			isa = PBXGroup;
			children = (
				66AC98A92AD3961F00C63A64 /* MedinaJake-HW5.app */,
			);
			name = Products;
			sourceTree = "<group>";
		};
		66AC98AB2AD3961F00C63A64 /* MedinaJake-HW5 */ = {
			isa = PBXGroup;
			children = (
				66AC98AC2AD3961F00C63A64 /* AppDelegate.swift */,
				66AC98AE2AD3961F00C63A64 /* SceneDelegate.swift */,
				66AC98B02AD3961F00C63A64 /* ViewController.swift */,
				66F686D72AD4F42800FB7E12 /* Pizza.swift */,
				66AC98B22AD3961F00C63A64 /* Main.storyboard */,
				69D4E9FA2AE18B870098E33D /* LoginViewController.swift */,
				66AC98C32AD3988D00C63A64 /* PizzaCreationViewController.swift */,
				66AC98B82AD3962000C63A64 /* Assets.xcassets */,
				66AC98BA2AD3962000C63A64 /* LaunchScreen.storyboard */,
				66AC98BD2AD3962000C63A64 /* Info.plist */,
				66AC98B52AD3961F00C63A64 /* MedinaJake_HW5.xcdatamodeld */,
				69D4E9FC2AE18BB90098E33D /* GoogleService-Info.plist */,
			);
			path = "MedinaJake-HW5";
			sourceTree = "<group>";
		};
/* End PBXGroup section */

/* Begin PBXNativeTarget section */
		66AC98A82AD3961E00C63A64 /* MedinaJake-HW5 */ = {
			isa = PBXNativeTarget;
			buildConfigurationList = 66AC98C02AD3962000C63A64 /* Build configuration list for PBXNativeTarget "MedinaJake-HW5" */;
			buildPhases = (
				66AC98A52AD3961E00C63A64 /* Sources */,
				66AC98A62AD3961E00C63A64 /* Frameworks */,
				66AC98A72AD3961E00C63A64 /* Resources */,
			);
			buildRules = (
			);
			dependencies = (
			);
			name = "MedinaJake-HW5";
			packageProductDependencies = (
				69D4EA0B2AE18C280098E33D /* FirebaseAuth */,
			);
			productName = "MedinaJake-HW5";
			productReference = 66AC98A92AD3961F00C63A64 /* MedinaJake-HW5.app */;
			productType = "com.apple.product-type.application";
		};
/* End PBXNativeTarget section */

/* Begin PBXProject section */
		66AC98A12AD3961E00C63A64 /* Project object */ = {
			isa = PBXProject;
			attributes = {
				BuildIndependentTargetsInParallel = 1;
				LastSwiftUpdateCheck = 1500;
				LastUpgradeCheck = 1500;
				TargetAttributes = {
					66AC98A82AD3961E00C63A64 = {
						CreatedOnToolsVersion = 15.0;
					};
				};
			};
			buildConfigurationList = 66AC98A42AD3961E00C63A64 /* Build configuration list for PBXProject "MedinaJake-HW5" */;
			compatibilityVersion = "Xcode 14.0";
			developmentRegion = en;
			hasScannedForEncodings = 0;
			knownRegions = (
				en,
				Base,
			);
			mainGroup = 66AC98A02AD3961E00C63A64;
			packageReferences = (
				69D4E9FE2AE18C280098E33D /* XCRemoteSwiftPackageReference "firebase-ios-sdk" */,
			);
			productRefGroup = 66AC98AA2AD3961F00C63A64 /* Products */;
			projectDirPath = "";
			projectRoot = "";
			targets = (
				66AC98A82AD3961E00C63A64 /* MedinaJake-HW5 */,
			);
		};
/* End PBXProject section */

/* Begin PBXResourcesBuildPhase section */
		66AC98A72AD3961E00C63A64 /* Resources */ = {
			isa = PBXResourcesBuildPhase;
			buildActionMask = 2147483647;
			files = (
				66AC98BC2AD3962000C63A64 /* LaunchScreen.storyboard in Resources */,
				69D4E9FD2AE18BB90098E33D /* GoogleService-Info.plist in Resources */,
				66AC98B92AD3962000C63A64 /* Assets.xcassets in Resources */,
				66AC98B42AD3961F00C63A64 /* Main.storyboard in Resources */,
			);
			runOnlyForDeploymentPostprocessing = 0;
		};
/* End PBXResourcesBuildPhase section */

/* Begin PBXSourcesBuildPhase section */
		66AC98A52AD3961E00C63A64 /* Sources */ = {
			isa = PBXSourcesBuildPhase;
			buildActionMask = 2147483647;
			files = (
				69D4E9FB2AE18B870098E33D /* LoginViewController.swift in Sources */,
				66AC98B12AD3961F00C63A64 /* ViewController.swift in Sources */,
				66AC98AD2AD3961F00C63A64 /* AppDelegate.swift in Sources */,
				66F686D82AD4F42800FB7E12 /* Pizza.swift in Sources */,
				66AC98AF2AD3961F00C63A64 /* SceneDelegate.swift in Sources */,
				66AC98B72AD3961F00C63A64 /* MedinaJake_HW5.xcdatamodeld in Sources */,
				66AC98C42AD3988D00C63A64 /* PizzaCreationViewController.swift in Sources */,
			);
			runOnlyForDeploymentPostprocessing = 0;
		};
/* End PBXSourcesBuildPhase section */

/* Begin PBXVariantGroup section */
		66AC98B22AD3961F00C63A64 /* Main.storyboard */ = {
			isa = PBXVariantGroup;
			children = (
				66AC98B32AD3961F00C63A64 /* Base */,
			);
			name = Main.storyboard;
			sourceTree = "<group>";
		};
		66AC98BA2AD3962000C63A64 /* LaunchScreen.storyboard */ = {
			isa = PBXVariantGroup;
			children = (
				66AC98BB2AD3962000C63A64 /* Base */,
			);
			name = LaunchScreen.storyboard;
			sourceTree = "<group>";
		};
/* End PBXVariantGroup section */

/* Begin XCBuildConfiguration section */
		66AC98BE2AD3962000C63A64 /* Debug */ = {
			isa = XCBuildConfiguration;
			buildSettings = {
				ALWAYS_SEARCH_USER_PATHS = NO;
				ASSETCATALOG_COMPILER_GENERATE_SWIFT_ASSET_SYMBOL_EXTENSIONS = YES;
				CLANG_ANALYZER_NONNULL = YES;
				CLANG_ANALYZER_NUMBER_OBJECT_CONVERSION = YES_AGGRESSIVE;
				CLANG_CXX_LANGUAGE_STANDARD = "gnu++20";
				CLANG_ENABLE_MODULES = YES;
				CLANG_ENABLE_OBJC_ARC = YES;
				CLANG_ENABLE_OBJC_WEAK = YES;
				CLANG_WARN_BLOCK_CAPTURE_AUTORELEASING = YES;
				CLANG_WARN_BOOL_CONVERSION = YES;
				CLANG_WARN_COMMA = YES;
				CLANG_WARN_CONSTANT_CONVERSION = YES;
				CLANG_WARN_DEPRECATED_OBJC_IMPLEMENTATIONS = YES;
				CLANG_WARN_DIRECT_OBJC_ISA_USAGE = YES_ERROR;
				CLANG_WARN_DOCUMENTATION_COMMENTS = YES;
				CLANG_WARN_EMPTY_BODY = YES;
				CLANG_WARN_ENUM_CONVERSION = YES;
				CLANG_WARN_INFINITE_RECURSION = YES;
				CLANG_WARN_INT_CONVERSION = YES;
				CLANG_WARN_NON_LITERAL_NULL_CONVERSION = YES;
				CLANG_WARN_OBJC_IMPLICIT_RETAIN_SELF = YES;
				CLANG_WARN_OBJC_LITERAL_CONVERSION = YES;
				CLANG_WARN_OBJC_ROOT_CLASS = YES_ERROR;
				CLANG_WARN_QUOTED_INCLUDE_IN_FRAMEWORK_HEADER = YES;
				CLANG_WARN_RANGE_LOOP_ANALYSIS = YES;
				CLANG_WARN_STRICT_PROTOTYPES = YES;
				CLANG_WARN_SUSPICIOUS_MOVE = YES;
				CLANG_WARN_UNGUARDED_AVAILABILITY = YES_AGGRESSIVE;
				CLANG_WARN_UNREACHABLE_CODE = YES;
				CLANG_WARN__DUPLICATE_METHOD_MATCH = YES;
				COPY_PHASE_STRIP = NO;
				DEBUG_INFORMATION_FORMAT = dwarf;
				ENABLE_STRICT_OBJC_MSGSEND = YES;
				ENABLE_TESTABILITY = YES;
				ENABLE_USER_SCRIPT_SANDBOXING = YES;
				GCC_C_LANGUAGE_STANDARD = gnu17;
				GCC_DYNAMIC_NO_PIC = NO;
				GCC_NO_COMMON_BLOCKS = YES;
				GCC_OPTIMIZATION_LEVEL = 0;
				GCC_PREPROCESSOR_DEFINITIONS = (
					"DEBUG=1",
					"$(inherited)",
				);
				GCC_WARN_64_TO_32_BIT_CONVERSION = YES;
				GCC_WARN_ABOUT_RETURN_TYPE = YES_ERROR;
				GCC_WARN_UNDECLARED_SELECTOR = YES;
				GCC_WARN_UNINITIALIZED_AUTOS = YES_AGGRESSIVE;
				GCC_WARN_UNUSED_FUNCTION = YES;
				GCC_WARN_UNUSED_VARIABLE = YES;
				IPHONEOS_DEPLOYMENT_TARGET = 17.0;
				LOCALIZATION_PREFERS_STRING_CATALOGS = YES;
				MTL_ENABLE_DEBUG_INFO = INCLUDE_SOURCE;
				MTL_FAST_MATH = YES;
				ONLY_ACTIVE_ARCH = YES;
				SDKROOT = iphoneos;
				SWIFT_ACTIVE_COMPILATION_CONDITIONS = "DEBUG $(inherited)";
				SWIFT_OPTIMIZATION_LEVEL = "-Onone";
			};
			name = Debug;
		};
		66AC98BF2AD3962000C63A64 /* Release */ = {
			isa = XCBuildConfiguration;
			buildSettings = {
				ALWAYS_SEARCH_USER_PATHS = NO;
				ASSETCATALOG_COMPILER_GENERATE_SWIFT_ASSET_SYMBOL_EXTENSIONS = YES;
				CLANG_ANALYZER_NONNULL = YES;
				CLANG_ANALYZER_NUMBER_OBJECT_CONVERSION = YES_AGGRESSIVE;
				CLANG_CXX_LANGUAGE_STANDARD = "gnu++20";
				CLANG_ENABLE_MODULES = YES;
				CLANG_ENABLE_OBJC_ARC = YES;
				CLANG_ENABLE_OBJC_WEAK = YES;
				CLANG_WARN_BLOCK_CAPTURE_AUTORELEASING = YES;
				CLANG_WARN_BOOL_CONVERSION = YES;
				CLANG_WARN_COMMA = YES;
				CLANG_WARN_CONSTANT_CONVERSION = YES;
				CLANG_WARN_DEPRECATED_OBJC_IMPLEMENTATIONS = YES;
				CLANG_WARN_DIRECT_OBJC_ISA_USAGE = YES_ERROR;
				CLANG_WARN_DOCUMENTATION_COMMENTS = YES;
				CLANG_WARN_EMPTY_BODY = YES;
				CLANG_WARN_ENUM_CONVERSION = YES;
				CLANG_WARN_INFINITE_RECURSION = YES;
				CLANG_WARN_INT_CONVERSION = YES;
				CLANG_WARN_NON_LITERAL_NULL_CONVERSION = YES;
				CLANG_WARN_OBJC_IMPLICIT_RETAIN_SELF = YES;
				CLANG_WARN_OBJC_LITERAL_CONVERSION = YES;
				CLANG_WARN_OBJC_ROOT_CLASS = YES_ERROR;
				CLANG_WARN_QUOTED_INCLUDE_IN_FRAMEWORK_HEADER = YES;
				CLANG_WARN_RANGE_LOOP_ANALYSIS = YES;
				CLANG_WARN_STRICT_PROTOTYPES = YES;
				CLANG_WARN_SUSPICIOUS_MOVE = YES;
				CLANG_WARN_UNGUARDED_AVAILABILITY = YES_AGGRESSIVE;
				CLANG_WARN_UNREACHABLE_CODE = YES;
				CLANG_WARN__DUPLICATE_METHOD_MATCH = YES;
				COPY_PHASE_STRIP = NO;
				DEBUG_INFORMATION_FORMAT = "dwarf-with-dsym";
				ENABLE_NS_ASSERTIONS = NO;
				ENABLE_STRICT_OBJC_MSGSEND = YES;
				ENABLE_USER_SCRIPT_SANDBOXING = YES;
				GCC_C_LANGUAGE_STANDARD = gnu17;
				GCC_NO_COMMON_BLOCKS = YES;
				GCC_WARN_64_TO_32_BIT_CONVERSION = YES;
				GCC_WARN_ABOUT_RETURN_TYPE = YES_ERROR;
				GCC_WARN_UNDECLARED_SELECTOR = YES;
				GCC_WARN_UNINITIALIZED_AUTOS = YES_AGGRESSIVE;
				GCC_WARN_UNUSED_FUNCTION = YES;
				GCC_WARN_UNUSED_VARIABLE = YES;
				IPHONEOS_DEPLOYMENT_TARGET = 17.0;
				LOCALIZATION_PREFERS_STRING_CATALOGS = YES;
				MTL_ENABLE_DEBUG_INFO = NO;
				MTL_FAST_MATH = YES;
				SDKROOT = iphoneos;
				SWIFT_COMPILATION_MODE = wholemodule;
				VALIDATE_PRODUCT = YES;
			};
			name = Release;
		};
		66AC98C12AD3962000C63A64 /* Debug */ = {
			isa = XCBuildConfiguration;
			buildSettings = {
				ASSETCATALOG_COMPILER_APPICON_NAME = AppIcon;
				ASSETCATALOG_COMPILER_GLOBAL_ACCENT_COLOR_NAME = AccentColor;
				CODE_SIGN_STYLE = Automatic;
				CURRENT_PROJECT_VERSION = 1;
				DEVELOPMENT_TEAM = T3X375FHT2;
				GENERATE_INFOPLIST_FILE = YES;
				INFOPLIST_FILE = "MedinaJake-HW5/Info.plist";
				INFOPLIST_KEY_UIApplicationSupportsIndirectInputEvents = YES;
				INFOPLIST_KEY_UILaunchStoryboardName = LaunchScreen;
				INFOPLIST_KEY_UIMainStoryboardFile = Main;
				INFOPLIST_KEY_UISupportedInterfaceOrientations_iPad = "UIInterfaceOrientationPortrait UIInterfaceOrientationPortraitUpsideDown UIInterfaceOrientationLandscapeLeft UIInterfaceOrientationLandscapeRight";
				INFOPLIST_KEY_UISupportedInterfaceOrientations_iPhone = "UIInterfaceOrientationPortrait UIInterfaceOrientationLandscapeLeft UIInterfaceOrientationLandscapeRight";
				LD_RUNPATH_SEARCH_PATHS = (
					"$(inherited)",
					"@executable_path/Frameworks",
				);
				MARKETING_VERSION = 1.0;
				PRODUCT_BUNDLE_IDENTIFIER = "JM.MedinaJake-HW5";
				PRODUCT_NAME = "$(TARGET_NAME)";
				SWIFT_EMIT_LOC_STRINGS = YES;
				SWIFT_VERSION = 5.0;
				TARGETED_DEVICE_FAMILY = "1,2";
			};
			name = Debug;
		};
		66AC98C22AD3962000C63A64 /* Release */ = {
			isa = XCBuildConfiguration;
			buildSettings = {
				ASSETCATALOG_COMPILER_APPICON_NAME = AppIcon;
				ASSETCATALOG_COMPILER_GLOBAL_ACCENT_COLOR_NAME = AccentColor;
				CODE_SIGN_STYLE = Automatic;
				CURRENT_PROJECT_VERSION = 1;
				DEVELOPMENT_TEAM = T3X375FHT2;
				GENERATE_INFOPLIST_FILE = YES;
				INFOPLIST_FILE = "MedinaJake-HW5/Info.plist";
				INFOPLIST_KEY_UIApplicationSupportsIndirectInputEvents = YES;
				INFOPLIST_KEY_UILaunchStoryboardName = LaunchScreen;
				INFOPLIST_KEY_UIMainStoryboardFile = Main;
				INFOPLIST_KEY_UISupportedInterfaceOrientations_iPad = "UIInterfaceOrientationPortrait UIInterfaceOrientationPortraitUpsideDown UIInterfaceOrientationLandscapeLeft UIInterfaceOrientationLandscapeRight";
				INFOPLIST_KEY_UISupportedInterfaceOrientations_iPhone = "UIInterfaceOrientationPortrait UIInterfaceOrientationLandscapeLeft UIInterfaceOrientationLandscapeRight";
				LD_RUNPATH_SEARCH_PATHS = (
					"$(inherited)",
					"@executable_path/Frameworks",
				);
				MARKETING_VERSION = 1.0;
				PRODUCT_BUNDLE_IDENTIFIER = "JM.MedinaJake-HW5";
				PRODUCT_NAME = "$(TARGET_NAME)";
				SWIFT_EMIT_LOC_STRINGS = YES;
				SWIFT_VERSION = 5.0;
				TARGETED_DEVICE_FAMILY = "1,2";
			};
			name = Release;
		};
/* End XCBuildConfiguration section */

/* Begin XCConfigurationList section */
		66AC98A42AD3961E00C63A64 /* Build configuration list for PBXProject "MedinaJake-HW5" */ = {
			isa = XCConfigurationList;
			buildConfigurations = (
				66AC98BE2AD3962000C63A64 /* Debug */,
				66AC98BF2AD3962000C63A64 /* Release */,
			);
			defaultConfigurationIsVisible = 0;
			defaultConfigurationName = Release;
		};
		66AC98C02AD3962000C63A64 /* Build configuration list for PBXNativeTarget "MedinaJake-HW5" */ = {
			isa = XCConfigurationList;
			buildConfigurations = (
				66AC98C12AD3962000C63A64 /* Debug */,
				66AC98C22AD3962000C63A64 /* Release */,
			);
			defaultConfigurationIsVisible = 0;
			defaultConfigurationName = Release;
		};
/* End XCConfigurationList section */

/* Begin XCRemoteSwiftPackageReference section */
		69D4E9FE2AE18C280098E33D /* XCRemoteSwiftPackageReference "firebase-ios-sdk" */ = {
			isa = XCRemoteSwiftPackageReference;
			repositoryURL = "https://github.com/firebase/firebase-ios-sdk";
			requirement = {
				kind = upToNextMajorVersion;
				minimumVersion = 10.16.0;
			};
		};
/* End XCRemoteSwiftPackageReference section */

/* Begin XCSwiftPackageProductDependency section */
		69D4EA0B2AE18C280098E33D /* FirebaseAuth */ = {
			isa = XCSwiftPackageProductDependency;
			package = 69D4E9FE2AE18C280098E33D /* XCRemoteSwiftPackageReference "firebase-ios-sdk" */;
			productName = FirebaseAuth;
		};
/* End XCSwiftPackageProductDependency section */

/* Begin XCVersionGroup section */
		66AC98B52AD3961F00C63A64 /* MedinaJake_HW5.xcdatamodeld */ = {
			isa = XCVersionGroup;
			children = (
				66AC98B62AD3961F00C63A64 /* MedinaJake_HW5.xcdatamodel */,
			);
			currentVersion = 66AC98B62AD3961F00C63A64 /* MedinaJake_HW5.xcdatamodel */;
			path = MedinaJake_HW5.xcdatamodeld;
			sourceTree = "<group>";
			versionGroupType = wrapper.xcdatamodel;
		};
/* End XCVersionGroup section */
	};
	rootObject = 66AC98A12AD3961E00C63A64 /* Project object */;
}
